
Microsoft Visual Studio Solution File, Format Version 12.00
# Visual Studio Version 17
VisualStudioVersion = 17.11.35327.3
MinimumVisualStudioVersion = 10.0.40219.1
Project("{FAE04EC0-301F-11D3-BF4B-00C04F79EFBC}") = "POOMYSL2.Android", "POOMYSL2\POOMYSL2.Android\POOMYSL2.Android.csproj", "{CBD71BDC-B3A5-4C72-915B-F172CA2C5650}"
EndProject
Project("{FAE04EC0-301F-11D3-BF4B-00C04F79EFBC}") = "POOMYSL2.iOS", "POOMYSL2\POOMYSL2.iOS\POOMYSL2.iOS.csproj", "{B0955DD9-0589-4910-B957-74397202D517}"
EndProject
Project("{FAE04EC0-301F-11D3-BF4B-00C04F79EFBC}") = "POOMYSL2", "POOMYSL2\POOMYSL2\POOMYSL2.csproj", "{816E9412-2468-4438-BB07-DF23CF61BFC0}"
EndProject
Global
	GlobalSection(SolutionConfigurationPlatforms) = preSolution
		Debug|Any CPU = Debug|Any CPU
		Debug|iPhone = Debug|iPhone
		Debug|iPhoneSimulator = Debug|iPhoneSimulator
		Release|Any CPU = Release|Any CPU
		Release|iPhone = Release|iPhone
		Release|iPhoneSimulator = Release|iPhoneSimulator
	EndGlobalSection
	GlobalSection(ProjectConfigurationPlatforms) = postSolution
		{CBD71BDC-B3A5-4C72-915B-F172CA2C5650}.Debug|Any CPU.ActiveCfg = Debug|Any CPU
		{CBD71BDC-B3A5-4C72-915B-F172CA2C5650}.Debug|Any CPU.Build.0 = Debug|Any CPU
		{CBD71BDC-B3A5-4C72-915B-F172CA2C5650}.Debug|Any CPU.Deploy.0 = Debug|Any CPU
		{CBD71BDC-B3A5-4C72-915B-F172CA2C5650}.Debug|iPhone.ActiveCfg = Debug|Any CPU
		{CBD71BDC-B3A5-4C72-915B-F172CA2C5650}.Debug|iPhone.Build.0 = Debug|Any CPU
		{CBD71BDC-B3A5-4C72-915B-F172CA2C5650}.Debug|iPhone.Deploy.0 = Debug|Any CPU
		{CBD71BDC-B3A5-4C72-915B-F172CA2C5650}.Debug|iPhoneSimulator.ActiveCfg = Debug|Any CPU
		{CBD71BDC-B3A5-4C72-915B-F172CA2C5650}.Debug|iPhoneSimulator.Build.0 = Debug|Any CPU
		{CBD71BDC-B3A5-4C72-915B-F172CA2C5650}.Debug|iPhoneSimulator.Deploy.0 = Debug|Any CPU
		{CBD71BDC-B3A5-4C72-915B-F172CA2C5650}.Release|Any CPU.ActiveCfg = Release|Any CPU
		{CBD71BDC-B3A5-4C72-915B-F172CA2C5650}.Release|Any CPU.Build.0 = Release|Any CPU
		{CBD71BDC-B3A5-4C72-915B-F172CA2C5650}.Release|Any CPU.Deploy.0 = Release|Any CPU
		{CBD71BDC-B3A5-4C72-915B-F172CA2C5650}.Release|iPhone.ActiveCfg = Release|Any CPU
		{CBD71BDC-B3A5-4C72-915B-F172CA2C5650}.Release|iPhone.Build.0 = Release|Any CPU
		{CBD71BDC-B3A5-4C72-915B-F172CA2C5650}.Release|iPhone.Deploy.0 = Release|Any CPU
		{CBD71BDC-B3A5-4C72-915B-F172CA2C5650}.Release|iPhoneSimulator.ActiveCfg = Release|Any CPU
		{CBD71BDC-B3A5-4C72-915B-F172CA2C5650}.Release|iPhoneSimulator.Build.0 = Release|Any CPU
		{CBD71BDC-B3A5-4C72-915B-F172CA2C5650}.Release|iPhoneSimulator.Deploy.0 = Release|Any CPU
		{B0955DD9-0589-4910-B957-74397202D517}.Debug|Any CPU.ActiveCfg = Debug|iPhone
		{B0955DD9-0589-4910-B957-74397202D517}.Debug|Any CPU.Build.0 = Debug|iPhone
		{B0955DD9-0589-4910-B957-74397202D517}.Debug|Any CPU.Deploy.0 = Debug|iPhone
		{B0955DD9-0589-4910-B957-74397202D517}.Debug|iPhone.ActiveCfg = Debug|iPhone
		{B0955DD9-0589-4910-B957-74397202D517}.Debug|iPhone.Build.0 = Debug|iPhone
		{B0955DD9-0589-4910-B957-74397202D517}.Debug|iPhone.Deploy.0 = Debug|iPhone
		{B0955DD9-0589-4910-B957-74397202D517}.Debug|iPhoneSimulator.ActiveCfg = Debug|iPhoneSimulator
		{B0955DD9-0589-4910-B957-74397202D517}.Debug|iPhoneSimulator.Build.0 = Debug|iPhoneSimulator
		{B0955DD9-0589-4910-B957-74397202D517}.Debug|iPhoneSimulator.Deploy.0 = Debug|iPhoneSimulator
		{B0955DD9-0589-4910-B957-74397202D517}.Release|Any CPU.ActiveCfg = Release|iPhoneSimulator
		{B0955DD9-0589-4910-B957-74397202D517}.Release|Any CPU.Build.0 = Release|iPhoneSimulator
		{B0955DD9-0589-4910-B957-74397202D517}.Release|Any CPU.Deploy.0 = Release|iPhoneSimulator
		{B0955DD9-0589-4910-B957-74397202D517}.Release|iPhone.ActiveCfg = Release|iPhone
		{B0955DD9-0589-4910-B957-74397202D517}.Release|iPhone.Build.0 = Release|iPhone
		{B0955DD9-0589-4910-B957-74397202D517}.Release|iPhone.Deploy.0 = Release|iPhone
		{B0955DD9-0589-4910-B957-74397202D517}.Release|iPhoneSimulator.ActiveCfg = Release|iPhoneSimulator
		{B0955DD9-0589-4910-B957-74397202D517}.Release|iPhoneSimulator.Build.0 = Release|iPhoneSimulator
		{B0955DD9-0589-4910-B957-74397202D517}.Release|iPhoneSimulator.Deploy.0 = Release|iPhoneSimulator
		{816E9412-2468-4438-BB07-DF23CF61BFC0}.Debug|Any CPU.ActiveCfg = Debug|Any CPU
		{816E9412-2468-4438-BB07-DF23CF61BFC0}.Debug|Any CPU.Build.0 = Debug|Any CPU
		{816E9412-2468-4438-BB07-DF23CF61BFC0}.Debug|Any CPU.Deploy.0 = Debug|Any CPU
		{816E9412-2468-4438-BB07-DF23CF61BFC0}.Debug|iPhone.ActiveCfg = Debug|Any CPU
		{816E9412-2468-4438-BB07-DF23CF61BFC0}.Debug|iPhone.Build.0 = Debug|Any CPU
		{816E9412-2468-4438-BB07-DF23CF61BFC0}.Debug|iPhone.Deploy.0 = Debug|Any CPU
		{816E9412-2468-4438-BB07-DF23CF61BFC0}.Debug|iPhoneSimulator.ActiveCfg = Debug|Any CPU
		{816E9412-2468-4438-BB07-DF23CF61BFC0}.Debug|iPhoneSimulator.Build.0 = Debug|Any CPU
		{816E9412-2468-4438-BB07-DF23CF61BFC0}.Debug|iPhoneSimulator.Deploy.0 = Debug|Any CPU
		{816E9412-2468-4438-BB07-DF23CF61BFC0}.Release|Any CPU.ActiveCfg = Release|Any CPU
		{816E9412-2468-4438-BB07-DF23CF61BFC0}.Release|Any CPU.Build.0 = Release|Any CPU
		{816E9412-2468-4438-BB07-DF23CF61BFC0}.Release|Any CPU.Deploy.0 = Release|Any CPU
		{816E9412-2468-4438-BB07-DF23CF61BFC0}.Release|iPhone.ActiveCfg = Release|Any CPU
		{816E9412-2468-4438-BB07-DF23CF61BFC0}.Release|iPhone.Build.0 = Release|Any CPU
		{816E9412-2468-4438-BB07-DF23CF61BFC0}.Release|iPhone.Deploy.0 = Release|Any CPU
		{816E9412-2468-4438-BB07-DF23CF61BFC0}.Release|iPhoneSimulator.ActiveCfg = Release|Any CPU
		{816E9412-2468-4438-BB07-DF23CF61BFC0}.Release|iPhoneSimulator.Build.0 = Release|Any CPU
		{816E9412-2468-4438-BB07-DF23CF61BFC0}.Release|iPhoneSimulator.Deploy.0 = Release|Any CPU
	EndGlobalSection
	GlobalSection(SolutionProperties) = preSolution
		HideSolutionNode = FALSE
	EndGlobalSection
	GlobalSection(ExtensibilityGlobals) = postSolution
		SolutionGuid = {FB82EE0D-21BC-415E-BB9D-A5B020D20684}
	EndGlobalSection
EndGlobal
